
Microsoft Visual Studio Solution File, Format Version 12.00
# Visual Studio 15
Project("{FAE04EC0-301F-11D3-BF4B-00C04F79EFBC}") = "Unity.Timeline", "Unity.Timeline.csproj", "{C710965C-9700-B732-7CE8-2FE989175135}"
EndProject
Project("{FAE04EC0-301F-11D3-BF4B-00C04F79EFBC}") = "Assembly-CSharp", "Assembly-CSharp.csproj", "{1017B982-0A47-7CE1-4817-8B55535C22B1}"
EndProject
Project("{FAE04EC0-301F-11D3-BF4B-00C04F79EFBC}") = "Assembly-CSharp-firstpass", "Assembly-CSharp-firstpass.csproj", "{D2E18A52-A063-587F-C38C-74FFE93C1774}"
EndProject
Project("{FAE04EC0-301F-11D3-BF4B-00C04F79EFBC}") = "Unity.VisualEffectGraph.Editor", "Unity.VisualEffectGraph.Editor.csproj", "{2C9B8E28-B864-FBD0-BC67-AFF483437D6F}"
EndProject
Project("{FAE04EC0-301F-11D3-BF4B-00C04F79EFBC}") = "Unity.ShaderGraph.Editor", "Unity.ShaderGraph.Editor.csproj", "{DB06AC52-D906-CD9F-A106-819D9FCEE986}"
EndProject
Project("{FAE04EC0-301F-11D3-BF4B-00C04F79EFBC}") = "Unity.RenderPipelines.HighDefinition.Runtime", "Unity.RenderPipelines.HighDefinition.Runtime.csproj", "{FBBC6851-4163-AC5A-6B16-31476372C5B0}"
EndProject
Project("{FAE04EC0-301F-11D3-BF4B-00C04F79EFBC}") = "Unity.InputSystem", "Unity.InputSystem.csproj", "{D406F08F-0041-EE9E-4BFE-89D5D149B3F5}"
EndProject
Project("{FAE04EC0-301F-11D3-BF4B-00C04F79EFBC}") = "Unity.2D.Aseprite.Editor", "Unity.2D.Aseprite.Editor.csproj", "{1CA63EF2-A76C-20F3-4A55-959825FBAFE7}"
EndProject
Project("{FAE04EC0-301F-11D3-BF4B-00C04F79EFBC}") = "Unity.VisualScripting.Flow", "Unity.VisualScripting.Flow.csproj", "{9203662E-3AEC-24E5-E4F4-C24130D68CF3}"
EndProject
Project("{FAE04EC0-301F-11D3-BF4B-00C04F79EFBC}") = "Unity.RenderPipelines.Universal.Runtime", "Unity.RenderPipelines.Universal.Runtime.csproj", "{6FF8C22E-9C28-00C6-20DC-5D0BB5B0FFB7}"
EndProject
Project("{FAE04EC0-301F-11D3-BF4B-00C04F79EFBC}") = "UnityEditor.UI", "UnityEditor.UI.csproj", "{ED198F15-D480-9984-4C88-C1DD73E31432}"
EndProject
Project("{FAE04EC0-301F-11D3-BF4B-00C04F79EFBC}") = "Unity.Timeline.Editor", "Unity.Timeline.Editor.csproj", "{83FE0A04-4C5C-CE6E-3F22-E4A1AFF66299}"
EndProject
Project("{FAE04EC0-301F-11D3-BF4B-00C04F79EFBC}") = "Unity.PlasticSCM.Editor", "Unity.PlasticSCM.Editor.csproj", "{F301EFDF-C67C-AB76-E7AC-378B3910CEC3}"
EndProject
Project("{FAE04EC0-301F-11D3-BF4B-00C04F79EFBC}") = "Unity.RenderPipelines.Core.Runtime", "Unity.RenderPipelines.Core.Runtime.csproj", "{7DF692EF-0EDA-E80B-43FF-5B335AC93532}"
EndProject
Project("{FAE04EC0-301F-11D3-BF4B-00C04F79EFBC}") = "Unity.Mathematics", "Unity.Mathematics.csproj", "{D2464FBE-640A-907D-061E-289A69D85156}"
EndProject
Project("{FAE04EC0-301F-11D3-BF4B-00C04F79EFBC}") = "Unity.RenderPipelines.Core.Editor", "Unity.RenderPipelines.Core.Editor.csproj", "{23E87ED1-8B9F-BD38-0A64-BA011AB92E87}"
EndProject
Project("{FAE04EC0-301F-11D3-BF4B-00C04F79EFBC}") = "Unity.2D.Common.Path.Editor", "Unity.2D.Common.Path.Editor.csproj", "{13C0B319-5A57-FA6E-53BD-31910FD51233}"
EndProject
Project("{FAE04EC0-301F-11D3-BF4B-00C04F79EFBC}") = "Unity.2D.Psdimporter.Editor", "Unity.2D.Psdimporter.Editor.csproj", "{AA6404A5-ECF4-6806-E55C-281F44748C59}"
EndProject
Project("{FAE04EC0-301F-11D3-BF4B-00C04F79EFBC}") = "Unity.VisualScripting.Core.Editor", "Unity.VisualScripting.Core.Editor.csproj", "{FB9EFBCC-9446-433E-04C5-03539E537C5D}"
EndProject
Project("{FAE04EC0-301F-11D3-BF4B-00C04F79EFBC}") = "Unity.2D.IK.Runtime", "Unity.2D.IK.Runtime.csproj", "{38C2F895-83F5-98B1-F82C-2BC8B44AC07D}"
EndProject
Project("{FAE04EC0-301F-11D3-BF4B-00C04F79EFBC}") = "Unity.RenderPipelines.HighDefinition.Editor", "Unity.RenderPipelines.HighDefinition.Editor.csproj", "{84247F6F-5329-F815-E7A0-FEFFF45B7C21}"
EndProject
Project("{FAE04EC0-301F-11D3-BF4B-00C04F79EFBC}") = "AllIn1VfxDemoScriptAssemblies", "AllIn1VfxDemoScriptAssemblies.csproj", "{E310C705-D176-EB67-5464-7F90128E281F}"
EndProject
Project("{FAE04EC0-301F-11D3-BF4B-00C04F79EFBC}") = "UnityEditor.TestRunner", "UnityEditor.TestRunner.csproj", "{6623C987-A9F8-F9CE-926D-C243DFDAE3AC}"
EndProject
Project("{FAE04EC0-301F-11D3-BF4B-00C04F79EFBC}") = "Unity.RenderPipelines.Universal.Editor", "Unity.RenderPipelines.Universal.Editor.csproj", "{B8DAE6EE-5771-24E2-4D44-40D319E67ADF}"
EndProject
Project("{FAE04EC0-301F-11D3-BF4B-00C04F79EFBC}") = "Unity.TextMeshPro.Editor", "Unity.TextMeshPro.Editor.csproj", "{23DC714B-7B31-CD71-0DCA-7F57A1F4F03F}"
EndProject
Project("{FAE04EC0-301F-11D3-BF4B-00C04F79EFBC}") = "Unity.VisualScripting.Flow.Editor", "Unity.VisualScripting.Flow.Editor.csproj", "{F2C0623C-E082-758B-79B8-335D1EC84FA3}"
EndProject
Project("{FAE04EC0-301F-11D3-BF4B-00C04F79EFBC}") = "UnityEngine.TestRunner", "UnityEngine.TestRunner.csproj", "{EB7FE471-27A1-920F-EED8-290B1C346301}"
EndProject
Project("{FAE04EC0-301F-11D3-BF4B-00C04F79EFBC}") = "Unity.VisualScripting.Core", "Unity.VisualScripting.Core.csproj", "{21C7887A-1596-22BB-2121-FBED9A465555}"
EndProject
Project("{FAE04EC0-301F-11D3-BF4B-00C04F79EFBC}") = "com.rlabrecque.steamworks.net", "com.rlabrecque.steamworks.net.csproj", "{A5338011-B2D0-648F-C6F6-F6DF1BDC219C}"
EndProject
Project("{FAE04EC0-301F-11D3-BF4B-00C04F79EFBC}") = "Unity.2D.Tilemap.Editor", "Unity.2D.Tilemap.Editor.csproj", "{9FB63A95-DBBA-48F7-C22F-45A775ACDF33}"
EndProject
Project("{FAE04EC0-301F-11D3-BF4B-00C04F79EFBC}") = "Unity.Searcher.Editor", "Unity.Searcher.Editor.csproj", "{C5F849D1-7EFB-2025-9649-B4EB95013FEC}"
EndProject
Project("{FAE04EC0-301F-11D3-BF4B-00C04F79EFBC}") = "Unity.Burst", "Unity.Burst.csproj", "{D4DEC59A-E7E2-4F21-8C55-A6F76DA220A9}"
EndProject
Project("{FAE04EC0-301F-11D3-BF4B-00C04F79EFBC}") = "PsdPlugin", "PsdPlugin.csproj", "{6706CC55-00C0-57FF-3579-94A550DC64FD}"
EndProject
Project("{FAE04EC0-301F-11D3-BF4B-00C04F79EFBC}") = "AllIn1VfxAssmebly", "AllIn1VfxAssmebly.csproj", "{9F1EC424-AF39-399B-5CE4-2CBFD3388E3E}"
EndProject
Project("{FAE04EC0-301F-11D3-BF4B-00C04F79EFBC}") = "Unity.AI.Navigation.Editor", "Unity.AI.Navigation.Editor.csproj", "{232320C3-A351-719A-C773-6359BA33CA91}"
EndProject
Project("{FAE04EC0-301F-11D3-BF4B-00C04F79EFBC}") = "Unity.Collections", "Unity.Collections.csproj", "{4B711AD5-BE52-7911-3514-D18CEAB442FC}"
EndProject
Project("{FAE04EC0-301F-11D3-BF4B-00C04F79EFBC}") = "Unity.2D.Animation.Editor", "Unity.2D.Animation.Editor.csproj", "{6C4FEABA-5CBE-7B5F-EF2C-188C617EB606}"
EndProject
Project("{FAE04EC0-301F-11D3-BF4B-00C04F79EFBC}") = "Unity.2D.SpriteShape.Editor", "Unity.2D.SpriteShape.Editor.csproj", "{9572FEEA-4F92-51CC-0E1C-06D2D06BCB77}"
EndProject
Project("{FAE04EC0-301F-11D3-BF4B-00C04F79EFBC}") = "Unity.VisualStudio.Editor", "Unity.VisualStudio.Editor.csproj", "{72EE34BE-1B62-35FB-024E-B830C1EBDE5D}"
EndProject
Project("{FAE04EC0-301F-11D3-BF4B-00C04F79EFBC}") = "PPv2URPConverters", "PPv2URPConverters.csproj", "{B615F014-5175-D8BB-7113-CCB9809E9591}"
EndProject
Project("{FAE04EC0-301F-11D3-BF4B-00C04F79EFBC}") = "Unity.Rider.Editor", "Unity.Rider.Editor.csproj", "{F3EFDEE8-0EBB-1F0B-AE30-8E2C1C062A56}"
EndProject
Project("{FAE04EC0-301F-11D3-BF4B-00C04F79EFBC}") = "Unity.InternalAPIEditorBridge.001", "Unity.InternalAPIEditorBridge.001.csproj", "{26A821EE-9497-FFC0-1F4D-0972FE912C36}"
EndProject
Project("{FAE04EC0-301F-11D3-BF4B-00C04F79EFBC}") = "NavMeshPlusEditor", "NavMeshPlusEditor.csproj", "{C3564B01-CDB6-001B-E49D-0C17AB729177}"
EndProject
Project("{FAE04EC0-301F-11D3-BF4B-00C04F79EFBC}") = "Unity.2D.SpriteShape.Runtime", "Unity.2D.SpriteShape.Runtime.csproj", "{86CF4336-EBE1-19BB-63D0-DB5BA4753ACD}"
EndProject
Project("{FAE04EC0-301F-11D3-BF4B-00C04F79EFBC}") = "NavMeshPlus", "NavMeshPlus.csproj", "{940AE5FE-95AB-CD04-737F-77DB06E302C9}"
EndProject
Project("{FAE04EC0-301F-11D3-BF4B-00C04F79EFBC}") = "Unity.VisualEffectGraph.Runtime", "Unity.VisualEffectGraph.Runtime.csproj", "{D22E69FE-D7F5-B74A-BEFC-588614716D1B}"
EndProject
Project("{FAE04EC0-301F-11D3-BF4B-00C04F79EFBC}") = "Unity.AI.Navigation.Editor.ConversionSystem", "Unity.AI.Navigation.Editor.ConversionSystem.csproj", "{11CED3CE-C045-C5C6-37F2-AA8C67904101}"
EndProject
Project("{FAE04EC0-301F-11D3-BF4B-00C04F79EFBC}") = "Unity.VisualScripting.State.Editor", "Unity.VisualScripting.State.Editor.csproj", "{2BB7CFDB-0BCD-EF95-2723-32F97E8EA908}"
EndProject
Project("{FAE04EC0-301F-11D3-BF4B-00C04F79EFBC}") = "UnityEngine.UI", "UnityEngine.UI.csproj", "{FFBED1E6-4686-BEA4-661B-66D2219730B3}"
EndProject
Project("{FAE04EC0-301F-11D3-BF4B-00C04F79EFBC}") = "Unity.Burst.CodeGen", "Unity.Burst.CodeGen.csproj", "{8C09A66B-47B4-F761-8850-329E257FB95C}"
EndProject
Project("{FAE04EC0-301F-11D3-BF4B-00C04F79EFBC}") = "Unity.RenderPipeline.Universal.ShaderLibrary", "Unity.RenderPipeline.Universal.ShaderLibrary.csproj", "{5C6A65E1-1BC2-AF40-691E-88FBC244B207}"
EndProject
Project("{FAE04EC0-301F-11D3-BF4B-00C04F79EFBC}") = "Unity.AI.Navigation", "Unity.AI.Navigation.csproj", "{E9136BFB-25A2-3253-B724-476E143424FD}"
EndProject
Project("{FAE04EC0-301F-11D3-BF4B-00C04F79EFBC}") = "Unity.VisualScripting.State", "Unity.VisualScripting.State.csproj", "{06883896-11CE-8A70-A4FA-0A9768E3A80F}"
EndProject
Project("{FAE04EC0-301F-11D3-BF4B-00C04F79EFBC}") = "Unity.TextMeshPro", "Unity.TextMeshPro.csproj", "{762DC9EF-FE52-0F74-6EA0-76D80922ABE5}"
EndProject
Project("{FAE04EC0-301F-11D3-BF4B-00C04F79EFBC}") = "Unity.Performance.Profile-Analyzer.Editor", "Unity.Performance.Profile-Analyzer.Editor.csproj", "{4525842B-7C96-15C8-1171-00F60577E5A7}"
EndProject
Project("{FAE04EC0-301F-11D3-BF4B-00C04F79EFBC}") = "Unity.2D.Tilemap.Extras.Editor", "Unity.2D.Tilemap.Extras.Editor.csproj", "{A8C9578D-768B-455A-8DF3-B4F692F91CAA}"
EndProject
Project("{FAE04EC0-301F-11D3-BF4B-00C04F79EFBC}") = "Unity.2D.Animation.Runtime", "Unity.2D.Animation.Runtime.csproj", "{12469C87-D2DA-71DC-9CC0-64847F4616B6}"
EndProject
Project("{FAE04EC0-301F-11D3-BF4B-00C04F79EFBC}") = "Unity.VisualScripting.SettingsProvider.Editor", "Unity.VisualScripting.SettingsProvider.Editor.csproj", "{C1FA5D4B-5F66-B686-2332-B9EA82A53264}"
EndProject
Project("{FAE04EC0-301F-11D3-BF4B-00C04F79EFBC}") = "Unity.VSCode.Editor", "Unity.VSCode.Editor.csproj", "{E2F0736A-4E73-F9D8-DDD1-9AD5EA6E293E}"
EndProject
Project("{FAE04EC0-301F-11D3-BF4B-00C04F79EFBC}") = "Unity.2D.IK.Editor", "Unity.2D.IK.Editor.csproj", "{1BF69ABB-0CBF-DDA2-A89C-44A69934BE98}"
EndProject
Project("{FAE04EC0-301F-11D3-BF4B-00C04F79EFBC}") = "Unity.InternalAPIEngineBridge.001", "Unity.InternalAPIEngineBridge.001.csproj", "{1272921B-A5EB-46D1-56D3-F179FBEC0384}"
EndProject
Project("{FAE04EC0-301F-11D3-BF4B-00C04F79EFBC}") = "Unity.2D.Aseprite.Common", "Unity.2D.Aseprite.Common.csproj", "{ABAB76A2-DE81-5BFF-E94F-F2799EB8612E}"
EndProject
Project("{FAE04EC0-301F-11D3-BF4B-00C04F79EFBC}") = "Unity.Burst.Editor", "Unity.Burst.Editor.csproj", "{B738F7E2-2101-0E62-B535-A5CCA7B13B61}"
EndProject
Project("{FAE04EC0-301F-11D3-BF4B-00C04F79EFBC}") = "Unity.2D.Common.Editor", "Unity.2D.Common.Editor.csproj", "{87187728-6BBE-8DE1-D8D8-95EC8BFB473E}"
EndProject
Project("{FAE04EC0-301F-11D3-BF4B-00C04F79EFBC}") = "Unity.AI.Navigation.Updater", "Unity.AI.Navigation.Updater.csproj", "{C4D0CBE1-F8AA-A217-5292-025193AF3EFB}"
EndProject
Project("{FAE04EC0-301F-11D3-BF4B-00C04F79EFBC}") = "AllIn1VfxTexDemoAssembly", "AllIn1VfxTexDemoAssembly.csproj", "{297519E3-5747-1845-7EEA-3604274F4513}"
EndProject
Project("{FAE04EC0-301F-11D3-BF4B-00C04F79EFBC}") = "Unity.2D.PixelPerfect", "Unity.2D.PixelPerfect.csproj", "{A2FE9CA3-DCF2-A0B0-D564-CC2F9DD21F99}"
EndProject
Project("{FAE04EC0-301F-11D3-BF4B-00C04F79EFBC}") = "Assembly-CSharp-Editor-firstpass", "Assembly-CSharp-Editor-firstpass.csproj", "{A638AF5A-A3C3-AB09-CAE8-BC3E53E0B316}"
EndProject
Project("{FAE04EC0-301F-11D3-BF4B-00C04F79EFBC}") = "NavMeshComponentsEditor", "NavMeshComponentsEditor.csproj", "{45EE8A97-424C-C052-B367-5B8761AE0888}"
EndProject
Project("{FAE04EC0-301F-11D3-BF4B-00C04F79EFBC}") = "Unity.2D.PixelPerfect.Editor", "Unity.2D.PixelPerfect.Editor.csproj", "{95BA8A5A-4C16-7123-F467-0D67E1C4A7C1}"
EndProject
Project("{FAE04EC0-301F-11D3-BF4B-00C04F79EFBC}") = "Unity.2D.Sprite.Editor", "Unity.2D.Sprite.Editor.csproj", "{EAEAD68E-4468-362B-4678-69CC4A4B155F}"
EndProject
Project("{FAE04EC0-301F-11D3-BF4B-00C04F79EFBC}") = "Unity.2D.Common.Runtime", "Unity.2D.Common.Runtime.csproj", "{524DC4C3-C078-8A74-3232-4A21CB064AE4}"
EndProject
Project("{FAE04EC0-301F-11D3-BF4B-00C04F79EFBC}") = "Unity.InputSystem.ForUI", "Unity.InputSystem.ForUI.csproj", "{DB6C7A5D-2A0E-E723-0CEF-819275119516}"
EndProject
Project("{FAE04EC0-301F-11D3-BF4B-00C04F79EFBC}") = "Unity.Mathematics.Editor", "Unity.Mathematics.Editor.csproj", "{9E6BA9E2-963B-EF0A-CCC4-F930951E9C56}"
EndProject
Project("{FAE04EC0-301F-11D3-BF4B-00C04F79EFBC}") = "Unity.2D.Tilemap.Extras", "Unity.2D.Tilemap.Extras.csproj", "{22710A55-2360-BC37-1D0C-5E521CF0A89D}"
EndProject
Project("{FAE04EC0-301F-11D3-BF4B-00C04F79EFBC}") = "Unity.InputSystem.TestFramework", "Unity.InputSystem.TestFramework.csproj", "{906FCE81-9E84-13F4-878D-C7AA4935ED41}"
EndProject
Project("{FAE04EC0-301F-11D3-BF4B-00C04F79EFBC}") = "Unity.ShaderGraph.Utilities", "Unity.ShaderGraph.Utilities.csproj", "{14B32C7D-DB7B-C813-4416-C7017CFD3A1D}"
EndProject
Project("{FAE04EC0-301F-11D3-BF4B-00C04F79EFBC}") = "NavMeshComponents", "NavMeshComponents.csproj", "{9FF43571-E450-FA45-948D-B80AB7751A0F}"
EndProject
Project("{FAE04EC0-301F-11D3-BF4B-00C04F79EFBC}") = "Unity.VisualScripting.Shared.Editor", "Unity.VisualScripting.Shared.Editor.csproj", "{D8DA3E97-D8A6-BE68-A15A-E6973A34228C}"
EndProject
Project("{FAE04EC0-301F-11D3-BF4B-00C04F79EFBC}") = "Unity.Collections.DocCodeSamples", "Unity.Collections.DocCodeSamples.csproj", "{86699C0F-E0AD-1C3A-E5CF-2F16D4B78E54}"
EndProject
Project("{FAE04EC0-301F-11D3-BF4B-00C04F79EFBC}") = "com.rlabrecque.steamworks.net.editor", "com.rlabrecque.steamworks.net.editor.csproj", "{D93F0824-5CC7-D839-030D-738BE5A8053A}"
EndProject
Project("{FAE04EC0-301F-11D3-BF4B-00C04F79EFBC}") = "Assembly-CSharp-Editor", "Assembly-CSharp-Editor.csproj", "{E0080D0E-F04B-880C-D662-6AF3C6F21425}"
EndProject
Project("{FAE04EC0-301F-11D3-BF4B-00C04F79EFBC}") = "Unity.RenderPipelines.HighDefinition.Config.Runtime", "Unity.RenderPipelines.HighDefinition.Config.Runtime.csproj", "{9A1E7084-B208-8190-2731-B2A1C9708408}"
EndProject
Project("{FAE04EC0-301F-11D3-BF4B-00C04F79EFBC}") = "Unity.Collections.BurstCompatibilityGen", "Unity.Collections.BurstCompatibilityGen.csproj", "{B07A6A32-7F1E-7B50-6F3F-BE18698437E7}"
EndProject
Project("{FAE04EC0-301F-11D3-BF4B-00C04F79EFBC}") = "Unity.RenderPipelines.Universal.Config.Runtime", "Unity.RenderPipelines.Universal.Config.Runtime.csproj", "{3997B13C-4333-AABF-56D5-B75D8724C9DF}"
EndProject
Project("{FAE04EC0-301F-11D3-BF4B-00C04F79EFBC}") = "Unity.CollabProxy.Editor", "Unity.CollabProxy.Editor.csproj", "{419548EC-4A00-93D0-0B3E-121914E92D88}"
EndProject
Project("{FAE04EC0-301F-11D3-BF4B-00C04F79EFBC}") = "Unity.RenderPipelines.ShaderGraph.ShaderGraphLibrary", "Unity.RenderPipelines.ShaderGraph.ShaderGraphLibrary.csproj", "{7122BD4C-8FA2-76E5-7507-80A0CA87A880}"
EndProject
Project("{FAE04EC0-301F-11D3-BF4B-00C04F79EFBC}") = "Unity.RenderPipelines.Core.ShaderLibrary", "Unity.RenderPipelines.Core.ShaderLibrary.csproj", "{74B90791-6BAE-728F-460E-FC3E08E2BD6E}"
EndProject
Project("{FAE04EC0-301F-11D3-BF4B-00C04F79EFBC}") = "Unity.RenderPipelines.Universal.Shaders", "Unity.RenderPipelines.Universal.Shaders.csproj", "{81918104-1A32-E272-9D56-1FB7D960BF87}"
EndProject
Global
	GlobalSection(SolutionConfigurationPlatforms) = preSolution
		Debug|Any CPU = Debug|Any CPU
		Release|Any CPU = Release|Any CPU
	EndGlobalSection
	GlobalSection(ProjectConfigurationPlatforms) = postSolution
		{C710965C-9700-B732-7CE8-2FE989175135}.Debug|Any CPU.ActiveCfg = Debug|Any CPU
		{C710965C-9700-B732-7CE8-2FE989175135}.Debug|Any CPU.Build.0 = Debug|Any CPU
		{C710965C-9700-B732-7CE8-2FE989175135}.Release|Any CPU.ActiveCfg = Release|Any CPU
		{C710965C-9700-B732-7CE8-2FE989175135}.Release|Any CPU.Build.0 = Release|Any CPU
		{1017B982-0A47-7CE1-4817-8B55535C22B1}.Debug|Any CPU.ActiveCfg = Debug|Any CPU
		{1017B982-0A47-7CE1-4817-8B55535C22B1}.Debug|Any CPU.Build.0 = Debug|Any CPU
		{1017B982-0A47-7CE1-4817-8B55535C22B1}.Release|Any CPU.ActiveCfg = Release|Any CPU
		{1017B982-0A47-7CE1-4817-8B55535C22B1}.Release|Any CPU.Build.0 = Release|Any CPU
		{D2E18A52-A063-587F-C38C-74FFE93C1774}.Debug|Any CPU.ActiveCfg = Debug|Any CPU
		{D2E18A52-A063-587F-C38C-74FFE93C1774}.Debug|Any CPU.Build.0 = Debug|Any CPU
		{D2E18A52-A063-587F-C38C-74FFE93C1774}.Release|Any CPU.ActiveCfg = Release|Any CPU
		{D2E18A52-A063-587F-C38C-74FFE93C1774}.Release|Any CPU.Build.0 = Release|Any CPU
		{2C9B8E28-B864-FBD0-BC67-AFF483437D6F}.Debug|Any CPU.ActiveCfg = Debug|Any CPU
		{2C9B8E28-B864-FBD0-BC67-AFF483437D6F}.Debug|Any CPU.Build.0 = Debug|Any CPU
		{2C9B8E28-B864-FBD0-BC67-AFF483437D6F}.Release|Any CPU.ActiveCfg = Release|Any CPU
		{2C9B8E28-B864-FBD0-BC67-AFF483437D6F}.Release|Any CPU.Build.0 = Release|Any CPU
		{DB06AC52-D906-CD9F-A106-819D9FCEE986}.Debug|Any CPU.ActiveCfg = Debug|Any CPU
		{DB06AC52-D906-CD9F-A106-819D9FCEE986}.Debug|Any CPU.Build.0 = Debug|Any CPU
		{DB06AC52-D906-CD9F-A106-819D9FCEE986}.Release|Any CPU.ActiveCfg = Release|Any CPU
		{DB06AC52-D906-CD9F-A106-819D9FCEE986}.Release|Any CPU.Build.0 = Release|Any CPU
		{FBBC6851-4163-AC5A-6B16-31476372C5B0}.Debug|Any CPU.ActiveCfg = Debug|Any CPU
		{FBBC6851-4163-AC5A-6B16-31476372C5B0}.Debug|Any CPU.Build.0 = Debug|Any CPU
		{FBBC6851-4163-AC5A-6B16-31476372C5B0}.Release|Any CPU.ActiveCfg = Release|Any CPU
		{FBBC6851-4163-AC5A-6B16-31476372C5B0}.Release|Any CPU.Build.0 = Release|Any CPU
		{D406F08F-0041-EE9E-4BFE-89D5D149B3F5}.Debug|Any CPU.ActiveCfg = Debug|Any CPU
		{D406F08F-0041-EE9E-4BFE-89D5D149B3F5}.Debug|Any CPU.Build.0 = Debug|Any CPU
		{D406F08F-0041-EE9E-4BFE-89D5D149B3F5}.Release|Any CPU.ActiveCfg = Release|Any CPU
		{D406F08F-0041-EE9E-4BFE-89D5D149B3F5}.Release|Any CPU.Build.0 = Release|Any CPU
		{1CA63EF2-A76C-20F3-4A55-959825FBAFE7}.Debug|Any CPU.ActiveCfg = Debug|Any CPU
		{1CA63EF2-A76C-20F3-4A55-959825FBAFE7}.Debug|Any CPU.Build.0 = Debug|Any CPU
		{1CA63EF2-A76C-20F3-4A55-959825FBAFE7}.Release|Any CPU.ActiveCfg = Release|Any CPU
		{1CA63EF2-A76C-20F3-4A55-959825FBAFE7}.Release|Any CPU.Build.0 = Release|Any CPU
		{9203662E-3AEC-24E5-E4F4-C24130D68CF3}.Debug|Any CPU.ActiveCfg = Debug|Any CPU
		{9203662E-3AEC-24E5-E4F4-C24130D68CF3}.Debug|Any CPU.Build.0 = Debug|Any CPU
		{9203662E-3AEC-24E5-E4F4-C24130D68CF3}.Release|Any CPU.ActiveCfg = Release|Any CPU
		{9203662E-3AEC-24E5-E4F4-C24130D68CF3}.Release|Any CPU.Build.0 = Release|Any CPU
		{6FF8C22E-9C28-00C6-20DC-5D0BB5B0FFB7}.Debug|Any CPU.ActiveCfg = Debug|Any CPU
		{6FF8C22E-9C28-00C6-20DC-5D0BB5B0FFB7}.Debug|Any CPU.Build.0 = Debug|Any CPU
		{6FF8C22E-9C28-00C6-20DC-5D0BB5B0FFB7}.Release|Any CPU.ActiveCfg = Release|Any CPU
		{6FF8C22E-9C28-00C6-20DC-5D0BB5B0FFB7}.Release|Any CPU.Build.0 = Release|Any CPU
		{ED198F15-D480-9984-4C88-C1DD73E31432}.Debug|Any CPU.ActiveCfg = Debug|Any CPU
		{ED198F15-D480-9984-4C88-C1DD73E31432}.Debug|Any CPU.Build.0 = Debug|Any CPU
		{ED198F15-D480-9984-4C88-C1DD73E31432}.Release|Any CPU.ActiveCfg = Release|Any CPU
		{ED198F15-D480-9984-4C88-C1DD73E31432}.Release|Any CPU.Build.0 = Release|Any CPU
		{83FE0A04-4C5C-CE6E-3F22-E4A1AFF66299}.Debug|Any CPU.ActiveCfg = Debug|Any CPU
		{83FE0A04-4C5C-CE6E-3F22-E4A1AFF66299}.Debug|Any CPU.Build.0 = Debug|Any CPU
		{83FE0A04-4C5C-CE6E-3F22-E4A1AFF66299}.Release|Any CPU.ActiveCfg = Release|Any CPU
		{83FE0A04-4C5C-CE6E-3F22-E4A1AFF66299}.Release|Any CPU.Build.0 = Release|Any CPU
		{F301EFDF-C67C-AB76-E7AC-378B3910CEC3}.Debug|Any CPU.ActiveCfg = Debug|Any CPU
		{F301EFDF-C67C-AB76-E7AC-378B3910CEC3}.Debug|Any CPU.Build.0 = Debug|Any CPU
		{F301EFDF-C67C-AB76-E7AC-378B3910CEC3}.Release|Any CPU.ActiveCfg = Release|Any CPU
		{F301EFDF-C67C-AB76-E7AC-378B3910CEC3}.Release|Any CPU.Build.0 = Release|Any CPU
		{7DF692EF-0EDA-E80B-43FF-5B335AC93532}.Debug|Any CPU.ActiveCfg = Debug|Any CPU
		{7DF692EF-0EDA-E80B-43FF-5B335AC93532}.Debug|Any CPU.Build.0 = Debug|Any CPU
		{7DF692EF-0EDA-E80B-43FF-5B335AC93532}.Release|Any CPU.ActiveCfg = Release|Any CPU
		{7DF692EF-0EDA-E80B-43FF-5B335AC93532}.Release|Any CPU.Build.0 = Release|Any CPU
		{D2464FBE-640A-907D-061E-289A69D85156}.Debug|Any CPU.ActiveCfg = Debug|Any CPU
		{D2464FBE-640A-907D-061E-289A69D85156}.Debug|Any CPU.Build.0 = Debug|Any CPU
		{D2464FBE-640A-907D-061E-289A69D85156}.Release|Any CPU.ActiveCfg = Release|Any CPU
		{D2464FBE-640A-907D-061E-289A69D85156}.Release|Any CPU.Build.0 = Release|Any CPU
		{23E87ED1-8B9F-BD38-0A64-BA011AB92E87}.Debug|Any CPU.ActiveCfg = Debug|Any CPU
		{23E87ED1-8B9F-BD38-0A64-BA011AB92E87}.Debug|Any CPU.Build.0 = Debug|Any CPU
		{23E87ED1-8B9F-BD38-0A64-BA011AB92E87}.Release|Any CPU.ActiveCfg = Release|Any CPU
		{23E87ED1-8B9F-BD38-0A64-BA011AB92E87}.Release|Any CPU.Build.0 = Release|Any CPU
		{13C0B319-5A57-FA6E-53BD-31910FD51233}.Debug|Any CPU.ActiveCfg = Debug|Any CPU
		{13C0B319-5A57-FA6E-53BD-31910FD51233}.Debug|Any CPU.Build.0 = Debug|Any CPU
		{13C0B319-5A57-FA6E-53BD-31910FD51233}.Release|Any CPU.ActiveCfg = Release|Any CPU
		{13C0B319-5A57-FA6E-53BD-31910FD51233}.Release|Any CPU.Build.0 = Release|Any CPU
		{AA6404A5-ECF4-6806-E55C-281F44748C59}.Debug|Any CPU.ActiveCfg = Debug|Any CPU
		{AA6404A5-ECF4-6806-E55C-281F44748C59}.Debug|Any CPU.Build.0 = Debug|Any CPU
		{AA6404A5-ECF4-6806-E55C-281F44748C59}.Release|Any CPU.ActiveCfg = Release|Any CPU
		{AA6404A5-ECF4-6806-E55C-281F44748C59}.Release|Any CPU.Build.0 = Release|Any CPU
		{FB9EFBCC-9446-433E-04C5-03539E537C5D}.Debug|Any CPU.ActiveCfg = Debug|Any CPU
		{FB9EFBCC-9446-433E-04C5-03539E537C5D}.Debug|Any CPU.Build.0 = Debug|Any CPU
		{FB9EFBCC-9446-433E-04C5-03539E537C5D}.Release|Any CPU.ActiveCfg = Release|Any CPU
		{FB9EFBCC-9446-433E-04C5-03539E537C5D}.Release|Any CPU.Build.0 = Release|Any CPU
		{38C2F895-83F5-98B1-F82C-2BC8B44AC07D}.Debug|Any CPU.ActiveCfg = Debug|Any CPU
		{38C2F895-83F5-98B1-F82C-2BC8B44AC07D}.Debug|Any CPU.Build.0 = Debug|Any CPU
		{38C2F895-83F5-98B1-F82C-2BC8B44AC07D}.Release|Any CPU.ActiveCfg = Release|Any CPU
		{38C2F895-83F5-98B1-F82C-2BC8B44AC07D}.Release|Any CPU.Build.0 = Release|Any CPU
		{84247F6F-5329-F815-E7A0-FEFFF45B7C21}.Debug|Any CPU.ActiveCfg = Debug|Any CPU
		{84247F6F-5329-F815-E7A0-FEFFF45B7C21}.Debug|Any CPU.Build.0 = Debug|Any CPU
		{84247F6F-5329-F815-E7A0-FEFFF45B7C21}.Release|Any CPU.ActiveCfg = Release|Any CPU
		{84247F6F-5329-F815-E7A0-FEFFF45B7C21}.Release|Any CPU.Build.0 = Release|Any CPU
		{E310C705-D176-EB67-5464-7F90128E281F}.Debug|Any CPU.ActiveCfg = Debug|Any CPU
		{E310C705-D176-EB67-5464-7F90128E281F}.Debug|Any CPU.Build.0 = Debug|Any CPU
		{E310C705-D176-EB67-5464-7F90128E281F}.Release|Any CPU.ActiveCfg = Release|Any CPU
		{E310C705-D176-EB67-5464-7F90128E281F}.Release|Any CPU.Build.0 = Release|Any CPU
		{6623C987-A9F8-F9CE-926D-C243DFDAE3AC}.Debug|Any CPU.ActiveCfg = Debug|Any CPU
		{6623C987-A9F8-F9CE-926D-C243DFDAE3AC}.Debug|Any CPU.Build.0 = Debug|Any CPU
		{6623C987-A9F8-F9CE-926D-C243DFDAE3AC}.Release|Any CPU.ActiveCfg = Release|Any CPU
		{6623C987-A9F8-F9CE-926D-C243DFDAE3AC}.Release|Any CPU.Build.0 = Release|Any CPU
		{B8DAE6EE-5771-24E2-4D44-40D319E67ADF}.Debug|Any CPU.ActiveCfg = Debug|Any CPU
		{B8DAE6EE-5771-24E2-4D44-40D319E67ADF}.Debug|Any CPU.Build.0 = Debug|Any CPU
		{B8DAE6EE-5771-24E2-4D44-40D319E67ADF}.Release|Any CPU.ActiveCfg = Release|Any CPU
		{B8DAE6EE-5771-24E2-4D44-40D319E67ADF}.Release|Any CPU.Build.0 = Release|Any CPU
		{23DC714B-7B31-CD71-0DCA-7F57A1F4F03F}.Debug|Any CPU.ActiveCfg = Debug|Any CPU
		{23DC714B-7B31-CD71-0DCA-7F57A1F4F03F}.Debug|Any CPU.Build.0 = Debug|Any CPU
		{23DC714B-7B31-CD71-0DCA-7F57A1F4F03F}.Release|Any CPU.ActiveCfg = Release|Any CPU
		{23DC714B-7B31-CD71-0DCA-7F57A1F4F03F}.Release|Any CPU.Build.0 = Release|Any CPU
		{F2C0623C-E082-758B-79B8-335D1EC84FA3}.Debug|Any CPU.ActiveCfg = Debug|Any CPU
		{F2C0623C-E082-758B-79B8-335D1EC84FA3}.Debug|Any CPU.Build.0 = Debug|Any CPU
		{F2C0623C-E082-758B-79B8-335D1EC84FA3}.Release|Any CPU.ActiveCfg = Release|Any CPU
		{F2C0623C-E082-758B-79B8-335D1EC84FA3}.Release|Any CPU.Build.0 = Release|Any CPU
		{EB7FE471-27A1-920F-EED8-290B1C346301}.Debug|Any CPU.ActiveCfg = Debug|Any CPU
		{EB7FE471-27A1-920F-EED8-290B1C346301}.Debug|Any CPU.Build.0 = Debug|Any CPU
		{EB7FE471-27A1-920F-EED8-290B1C346301}.Release|Any CPU.ActiveCfg = Release|Any CPU
		{EB7FE471-27A1-920F-EED8-290B1C346301}.Release|Any CPU.Build.0 = Release|Any CPU
		{21C7887A-1596-22BB-2121-FBED9A465555}.Debug|Any CPU.ActiveCfg = Debug|Any CPU
		{21C7887A-1596-22BB-2121-FBED9A465555}.Debug|Any CPU.Build.0 = Debug|Any CPU
		{21C7887A-1596-22BB-2121-FBED9A465555}.Release|Any CPU.ActiveCfg = Release|Any CPU
		{21C7887A-1596-22BB-2121-FBED9A465555}.Release|Any CPU.Build.0 = Release|Any CPU
		{A5338011-B2D0-648F-C6F6-F6DF1BDC219C}.Debug|Any CPU.ActiveCfg = Debug|Any CPU
		{A5338011-B2D0-648F-C6F6-F6DF1BDC219C}.Debug|Any CPU.Build.0 = Debug|Any CPU
		{A5338011-B2D0-648F-C6F6-F6DF1BDC219C}.Release|Any CPU.ActiveCfg = Release|Any CPU
		{A5338011-B2D0-648F-C6F6-F6DF1BDC219C}.Release|Any CPU.Build.0 = Release|Any CPU
		{9FB63A95-DBBA-48F7-C22F-45A775ACDF33}.Debug|Any CPU.ActiveCfg = Debug|Any CPU
		{9FB63A95-DBBA-48F7-C22F-45A775ACDF33}.Debug|Any CPU.Build.0 = Debug|Any CPU
		{9FB63A95-DBBA-48F7-C22F-45A775ACDF33}.Release|Any CPU.ActiveCfg = Release|Any CPU
		{9FB63A95-DBBA-48F7-C22F-45A775ACDF33}.Release|Any CPU.Build.0 = Release|Any CPU
		{C5F849D1-7EFB-2025-9649-B4EB95013FEC}.Debug|Any CPU.ActiveCfg = Debug|Any CPU
		{C5F849D1-7EFB-2025-9649-B4EB95013FEC}.Debug|Any CPU.Build.0 = Debug|Any CPU
		{C5F849D1-7EFB-2025-9649-B4EB95013FEC}.Release|Any CPU.ActiveCfg = Release|Any CPU
		{C5F849D1-7EFB-2025-9649-B4EB95013FEC}.Release|Any CPU.Build.0 = Release|Any CPU
		{D4DEC59A-E7E2-4F21-8C55-A6F76DA220A9}.Debug|Any CPU.ActiveCfg = Debug|Any CPU
		{D4DEC59A-E7E2-4F21-8C55-A6F76DA220A9}.Debug|Any CPU.Build.0 = Debug|Any CPU
		{D4DEC59A-E7E2-4F21-8C55-A6F76DA220A9}.Release|Any CPU.ActiveCfg = Release|Any CPU
		{D4DEC59A-E7E2-4F21-8C55-A6F76DA220A9}.Release|Any CPU.Build.0 = Release|Any CPU
		{6706CC55-00C0-57FF-3579-94A550DC64FD}.Debug|Any CPU.ActiveCfg = Debug|Any CPU
		{6706CC55-00C0-57FF-3579-94A550DC64FD}.Debug|Any CPU.Build.0 = Debug|Any CPU
		{6706CC55-00C0-57FF-3579-94A550DC64FD}.Release|Any CPU.ActiveCfg = Release|Any CPU
		{6706CC55-00C0-57FF-3579-94A550DC64FD}.Release|Any CPU.Build.0 = Release|Any CPU
		{9F1EC424-AF39-399B-5CE4-2CBFD3388E3E}.Debug|Any CPU.ActiveCfg = Debug|Any CPU
		{9F1EC424-AF39-399B-5CE4-2CBFD3388E3E}.Debug|Any CPU.Build.0 = Debug|Any CPU
		{9F1EC424-AF39-399B-5CE4-2CBFD3388E3E}.Release|Any CPU.ActiveCfg = Release|Any CPU
		{9F1EC424-AF39-399B-5CE4-2CBFD3388E3E}.Release|Any CPU.Build.0 = Release|Any CPU
		{232320C3-A351-719A-C773-6359BA33CA91}.Debug|Any CPU.ActiveCfg = Debug|Any CPU
		{232320C3-A351-719A-C773-6359BA33CA91}.Debug|Any CPU.Build.0 = Debug|Any CPU
		{232320C3-A351-719A-C773-6359BA33CA91}.Release|Any CPU.ActiveCfg = Release|Any CPU
		{232320C3-A351-719A-C773-6359BA33CA91}.Release|Any CPU.Build.0 = Release|Any CPU
		{4B711AD5-BE52-7911-3514-D18CEAB442FC}.Debug|Any CPU.ActiveCfg = Debug|Any CPU
		{4B711AD5-BE52-7911-3514-D18CEAB442FC}.Debug|Any CPU.Build.0 = Debug|Any CPU
		{4B711AD5-BE52-7911-3514-D18CEAB442FC}.Release|Any CPU.ActiveCfg = Release|Any CPU
		{4B711AD5-BE52-7911-3514-D18CEAB442FC}.Release|Any CPU.Build.0 = Release|Any CPU
		{6C4FEABA-5CBE-7B5F-EF2C-188C617EB606}.Debug|Any CPU.ActiveCfg = Debug|Any CPU
		{6C4FEABA-5CBE-7B5F-EF2C-188C617EB606}.Debug|Any CPU.Build.0 = Debug|Any CPU
		{6C4FEABA-5CBE-7B5F-EF2C-188C617EB606}.Release|Any CPU.ActiveCfg = Release|Any CPU
		{6C4FEABA-5CBE-7B5F-EF2C-188C617EB606}.Release|Any CPU.Build.0 = Release|Any CPU
		{9572FEEA-4F92-51CC-0E1C-06D2D06BCB77}.Debug|Any CPU.ActiveCfg = Debug|Any CPU
		{9572FEEA-4F92-51CC-0E1C-06D2D06BCB77}.Debug|Any CPU.Build.0 = Debug|Any CPU
		{9572FEEA-4F92-51CC-0E1C-06D2D06BCB77}.Release|Any CPU.ActiveCfg = Release|Any CPU
		{9572FEEA-4F92-51CC-0E1C-06D2D06BCB77}.Release|Any CPU.Build.0 = Release|Any CPU
		{72EE34BE-1B62-35FB-024E-B830C1EBDE5D}.Debug|Any CPU.ActiveCfg = Debug|Any CPU
		{72EE34BE-1B62-35FB-024E-B830C1EBDE5D}.Debug|Any CPU.Build.0 = Debug|Any CPU
		{72EE34BE-1B62-35FB-024E-B830C1EBDE5D}.Release|Any CPU.ActiveCfg = Release|Any CPU
		{72EE34BE-1B62-35FB-024E-B830C1EBDE5D}.Release|Any CPU.Build.0 = Release|Any CPU
		{B615F014-5175-D8BB-7113-CCB9809E9591}.Debug|Any CPU.ActiveCfg = Debug|Any CPU
		{B615F014-5175-D8BB-7113-CCB9809E9591}.Debug|Any CPU.Build.0 = Debug|Any CPU
		{B615F014-5175-D8BB-7113-CCB9809E9591}.Release|Any CPU.ActiveCfg = Release|Any CPU
		{B615F014-5175-D8BB-7113-CCB9809E9591}.Release|Any CPU.Build.0 = Release|Any CPU
		{F3EFDEE8-0EBB-1F0B-AE30-8E2C1C062A56}.Debug|Any CPU.ActiveCfg = Debug|Any CPU
		{F3EFDEE8-0EBB-1F0B-AE30-8E2C1C062A56}.Debug|Any CPU.Build.0 = Debug|Any CPU
		{F3EFDEE8-0EBB-1F0B-AE30-8E2C1C062A56}.Release|Any CPU.ActiveCfg = Release|Any CPU
		{F3EFDEE8-0EBB-1F0B-AE30-8E2C1C062A56}.Release|Any CPU.Build.0 = Release|Any CPU
		{26A821EE-9497-FFC0-1F4D-0972FE912C36}.Debug|Any CPU.ActiveCfg = Debug|Any CPU
		{26A821EE-9497-FFC0-1F4D-0972FE912C36}.Debug|Any CPU.Build.0 = Debug|Any CPU
		{26A821EE-9497-FFC0-1F4D-0972FE912C36}.Release|Any CPU.ActiveCfg = Release|Any CPU
		{26A821EE-9497-FFC0-1F4D-0972FE912C36}.Release|Any CPU.Build.0 = Release|Any CPU
		{C3564B01-CDB6-001B-E49D-0C17AB729177}.Debug|Any CPU.ActiveCfg = Debug|Any CPU
		{C3564B01-CDB6-001B-E49D-0C17AB729177}.Debug|Any CPU.Build.0 = Debug|Any CPU
		{C3564B01-CDB6-001B-E49D-0C17AB729177}.Release|Any CPU.ActiveCfg = Release|Any CPU
		{C3564B01-CDB6-001B-E49D-0C17AB729177}.Release|Any CPU.Build.0 = Release|Any CPU
		{86CF4336-EBE1-19BB-63D0-DB5BA4753ACD}.Debug|Any CPU.ActiveCfg = Debug|Any CPU
		{86CF4336-EBE1-19BB-63D0-DB5BA4753ACD}.Debug|Any CPU.Build.0 = Debug|Any CPU
		{86CF4336-EBE1-19BB-63D0-DB5BA4753ACD}.Release|Any CPU.ActiveCfg = Release|Any CPU
		{86CF4336-EBE1-19BB-63D0-DB5BA4753ACD}.Release|Any CPU.Build.0 = Release|Any CPU
		{940AE5FE-95AB-CD04-737F-77DB06E302C9}.Debug|Any CPU.ActiveCfg = Debug|Any CPU
		{940AE5FE-95AB-CD04-737F-77DB06E302C9}.Debug|Any CPU.Build.0 = Debug|Any CPU
		{940AE5FE-95AB-CD04-737F-77DB06E302C9}.Release|Any CPU.ActiveCfg = Release|Any CPU
		{940AE5FE-95AB-CD04-737F-77DB06E302C9}.Release|Any CPU.Build.0 = Release|Any CPU
		{D22E69FE-D7F5-B74A-BEFC-588614716D1B}.Debug|Any CPU.ActiveCfg = Debug|Any CPU
		{D22E69FE-D7F5-B74A-BEFC-588614716D1B}.Debug|Any CPU.Build.0 = Debug|Any CPU
		{D22E69FE-D7F5-B74A-BEFC-588614716D1B}.Release|Any CPU.ActiveCfg = Release|Any CPU
		{D22E69FE-D7F5-B74A-BEFC-588614716D1B}.Release|Any CPU.Build.0 = Release|Any CPU
		{11CED3CE-C045-C5C6-37F2-AA8C67904101}.Debug|Any CPU.ActiveCfg = Debug|Any CPU
		{11CED3CE-C045-C5C6-37F2-AA8C67904101}.Debug|Any CPU.Build.0 = Debug|Any CPU
		{11CED3CE-C045-C5C6-37F2-AA8C67904101}.Release|Any CPU.ActiveCfg = Release|Any CPU
		{11CED3CE-C045-C5C6-37F2-AA8C67904101}.Release|Any CPU.Build.0 = Release|Any CPU
		{2BB7CFDB-0BCD-EF95-2723-32F97E8EA908}.Debug|Any CPU.ActiveCfg = Debug|Any CPU
		{2BB7CFDB-0BCD-EF95-2723-32F97E8EA908}.Debug|Any CPU.Build.0 = Debug|Any CPU
		{2BB7CFDB-0BCD-EF95-2723-32F97E8EA908}.Release|Any CPU.ActiveCfg = Release|Any CPU
		{2BB7CFDB-0BCD-EF95-2723-32F97E8EA908}.Release|Any CPU.Build.0 = Release|Any CPU
		{FFBED1E6-4686-BEA4-661B-66D2219730B3}.Debug|Any CPU.ActiveCfg = Debug|Any CPU
		{FFBED1E6-4686-BEA4-661B-66D2219730B3}.Debug|Any CPU.Build.0 = Debug|Any CPU
		{FFBED1E6-4686-BEA4-661B-66D2219730B3}.Release|Any CPU.ActiveCfg = Release|Any CPU
		{FFBED1E6-4686-BEA4-661B-66D2219730B3}.Release|Any CPU.Build.0 = Release|Any CPU
		{8C09A66B-47B4-F761-8850-329E257FB95C}.Debug|Any CPU.ActiveCfg = Debug|Any CPU
		{8C09A66B-47B4-F761-8850-329E257FB95C}.Debug|Any CPU.Build.0 = Debug|Any CPU
		{8C09A66B-47B4-F761-8850-329E257FB95C}.Release|Any CPU.ActiveCfg = Release|Any CPU
		{8C09A66B-47B4-F761-8850-329E257FB95C}.Release|Any CPU.Build.0 = Release|Any CPU
		{5C6A65E1-1BC2-AF40-691E-88FBC244B207}.Debug|Any CPU.ActiveCfg = Debug|Any CPU
		{5C6A65E1-1BC2-AF40-691E-88FBC244B207}.Debug|Any CPU.Build.0 = Debug|Any CPU
		{5C6A65E1-1BC2-AF40-691E-88FBC244B207}.Release|Any CPU.ActiveCfg = Release|Any CPU
		{5C6A65E1-1BC2-AF40-691E-88FBC244B207}.Release|Any CPU.Build.0 = Release|Any CPU
		{E9136BFB-25A2-3253-B724-476E143424FD}.Debug|Any CPU.ActiveCfg = Debug|Any CPU
		{E9136BFB-25A2-3253-B724-476E143424FD}.Debug|Any CPU.Build.0 = Debug|Any CPU
		{E9136BFB-25A2-3253-B724-476E143424FD}.Release|Any CPU.ActiveCfg = Release|Any CPU
		{E9136BFB-25A2-3253-B724-476E143424FD}.Release|Any CPU.Build.0 = Release|Any CPU
		{06883896-11CE-8A70-A4FA-0A9768E3A80F}.Debug|Any CPU.ActiveCfg = Debug|Any CPU
		{06883896-11CE-8A70-A4FA-0A9768E3A80F}.Debug|Any CPU.Build.0 = Debug|Any CPU
		{06883896-11CE-8A70-A4FA-0A9768E3A80F}.Release|Any CPU.ActiveCfg = Release|Any CPU
		{06883896-11CE-8A70-A4FA-0A9768E3A80F}.Release|Any CPU.Build.0 = Release|Any CPU
		{762DC9EF-FE52-0F74-6EA0-76D80922ABE5}.Debug|Any CPU.ActiveCfg = Debug|Any CPU
		{762DC9EF-FE52-0F74-6EA0-76D80922ABE5}.Debug|Any CPU.Build.0 = Debug|Any CPU
		{762DC9EF-FE52-0F74-6EA0-76D80922ABE5}.Release|Any CPU.ActiveCfg = Release|Any CPU
		{762DC9EF-FE52-0F74-6EA0-76D80922ABE5}.Release|Any CPU.Build.0 = Release|Any CPU
		{4525842B-7C96-15C8-1171-00F60577E5A7}.Debug|Any CPU.ActiveCfg = Debug|Any CPU
		{4525842B-7C96-15C8-1171-00F60577E5A7}.Debug|Any CPU.Build.0 = Debug|Any CPU
		{4525842B-7C96-15C8-1171-00F60577E5A7}.Release|Any CPU.ActiveCfg = Release|Any CPU
		{4525842B-7C96-15C8-1171-00F60577E5A7}.Release|Any CPU.Build.0 = Release|Any CPU
		{A8C9578D-768B-455A-8DF3-B4F692F91CAA}.Debug|Any CPU.ActiveCfg = Debug|Any CPU
		{A8C9578D-768B-455A-8DF3-B4F692F91CAA}.Debug|Any CPU.Build.0 = Debug|Any CPU
		{A8C9578D-768B-455A-8DF3-B4F692F91CAA}.Release|Any CPU.ActiveCfg = Release|Any CPU
		{A8C9578D-768B-455A-8DF3-B4F692F91CAA}.Release|Any CPU.Build.0 = Release|Any CPU
		{12469C87-D2DA-71DC-9CC0-64847F4616B6}.Debug|Any CPU.ActiveCfg = Debug|Any CPU
		{12469C87-D2DA-71DC-9CC0-64847F4616B6}.Debug|Any CPU.Build.0 = Debug|Any CPU
		{12469C87-D2DA-71DC-9CC0-64847F4616B6}.Release|Any CPU.ActiveCfg = Release|Any CPU
		{12469C87-D2DA-71DC-9CC0-64847F4616B6}.Release|Any CPU.Build.0 = Release|Any CPU
		{C1FA5D4B-5F66-B686-2332-B9EA82A53264}.Debug|Any CPU.ActiveCfg = Debug|Any CPU
		{C1FA5D4B-5F66-B686-2332-B9EA82A53264}.Debug|Any CPU.Build.0 = Debug|Any CPU
		{C1FA5D4B-5F66-B686-2332-B9EA82A53264}.Release|Any CPU.ActiveCfg = Release|Any CPU
		{C1FA5D4B-5F66-B686-2332-B9EA82A53264}.Release|Any CPU.Build.0 = Release|Any CPU
		{E2F0736A-4E73-F9D8-DDD1-9AD5EA6E293E}.Debug|Any CPU.ActiveCfg = Debug|Any CPU
		{E2F0736A-4E73-F9D8-DDD1-9AD5EA6E293E}.Debug|Any CPU.Build.0 = Debug|Any CPU
		{E2F0736A-4E73-F9D8-DDD1-9AD5EA6E293E}.Release|Any CPU.ActiveCfg = Release|Any CPU
		{E2F0736A-4E73-F9D8-DDD1-9AD5EA6E293E}.Release|Any CPU.Build.0 = Release|Any CPU
		{1BF69ABB-0CBF-DDA2-A89C-44A69934BE98}.Debug|Any CPU.ActiveCfg = Debug|Any CPU
		{1BF69ABB-0CBF-DDA2-A89C-44A69934BE98}.Debug|Any CPU.Build.0 = Debug|Any CPU
		{1BF69ABB-0CBF-DDA2-A89C-44A69934BE98}.Release|Any CPU.ActiveCfg = Release|Any CPU
		{1BF69ABB-0CBF-DDA2-A89C-44A69934BE98}.Release|Any CPU.Build.0 = Release|Any CPU
		{1272921B-A5EB-46D1-56D3-F179FBEC0384}.Debug|Any CPU.ActiveCfg = Debug|Any CPU
		{1272921B-A5EB-46D1-56D3-F179FBEC0384}.Debug|Any CPU.Build.0 = Debug|Any CPU
		{1272921B-A5EB-46D1-56D3-F179FBEC0384}.Release|Any CPU.ActiveCfg = Release|Any CPU
		{1272921B-A5EB-46D1-56D3-F179FBEC0384}.Release|Any CPU.Build.0 = Release|Any CPU
		{ABAB76A2-DE81-5BFF-E94F-F2799EB8612E}.Debug|Any CPU.ActiveCfg = Debug|Any CPU
		{ABAB76A2-DE81-5BFF-E94F-F2799EB8612E}.Debug|Any CPU.Build.0 = Debug|Any CPU
		{ABAB76A2-DE81-5BFF-E94F-F2799EB8612E}.Release|Any CPU.ActiveCfg = Release|Any CPU
		{ABAB76A2-DE81-5BFF-E94F-F2799EB8612E}.Release|Any CPU.Build.0 = Release|Any CPU
		{B738F7E2-2101-0E62-B535-A5CCA7B13B61}.Debug|Any CPU.ActiveCfg = Debug|Any CPU
		{B738F7E2-2101-0E62-B535-A5CCA7B13B61}.Debug|Any CPU.Build.0 = Debug|Any CPU
		{B738F7E2-2101-0E62-B535-A5CCA7B13B61}.Release|Any CPU.ActiveCfg = Release|Any CPU
		{B738F7E2-2101-0E62-B535-A5CCA7B13B61}.Release|Any CPU.Build.0 = Release|Any CPU
		{87187728-6BBE-8DE1-D8D8-95EC8BFB473E}.Debug|Any CPU.ActiveCfg = Debug|Any CPU
		{87187728-6BBE-8DE1-D8D8-95EC8BFB473E}.Debug|Any CPU.Build.0 = Debug|Any CPU
		{87187728-6BBE-8DE1-D8D8-95EC8BFB473E}.Release|Any CPU.ActiveCfg = Release|Any CPU
		{87187728-6BBE-8DE1-D8D8-95EC8BFB473E}.Release|Any CPU.Build.0 = Release|Any CPU
		{C4D0CBE1-F8AA-A217-5292-025193AF3EFB}.Debug|Any CPU.ActiveCfg = Debug|Any CPU
		{C4D0CBE1-F8AA-A217-5292-025193AF3EFB}.Debug|Any CPU.Build.0 = Debug|Any CPU
		{C4D0CBE1-F8AA-A217-5292-025193AF3EFB}.Release|Any CPU.ActiveCfg = Release|Any CPU
		{C4D0CBE1-F8AA-A217-5292-025193AF3EFB}.Release|Any CPU.Build.0 = Release|Any CPU
		{297519E3-5747-1845-7EEA-3604274F4513}.Debug|Any CPU.ActiveCfg = Debug|Any CPU
		{297519E3-5747-1845-7EEA-3604274F4513}.Debug|Any CPU.Build.0 = Debug|Any CPU
		{297519E3-5747-1845-7EEA-3604274F4513}.Release|Any CPU.ActiveCfg = Release|Any CPU
		{297519E3-5747-1845-7EEA-3604274F4513}.Release|Any CPU.Build.0 = Release|Any CPU
		{A2FE9CA3-DCF2-A0B0-D564-CC2F9DD21F99}.Debug|Any CPU.ActiveCfg = Debug|Any CPU
		{A2FE9CA3-DCF2-A0B0-D564-CC2F9DD21F99}.Debug|Any CPU.Build.0 = Debug|Any CPU
		{A2FE9CA3-DCF2-A0B0-D564-CC2F9DD21F99}.Release|Any CPU.ActiveCfg = Release|Any CPU
		{A2FE9CA3-DCF2-A0B0-D564-CC2F9DD21F99}.Release|Any CPU.Build.0 = Release|Any CPU
		{A638AF5A-A3C3-AB09-CAE8-BC3E53E0B316}.Debug|Any CPU.ActiveCfg = Debug|Any CPU
		{A638AF5A-A3C3-AB09-CAE8-BC3E53E0B316}.Debug|Any CPU.Build.0 = Debug|Any CPU
		{A638AF5A-A3C3-AB09-CAE8-BC3E53E0B316}.Release|Any CPU.ActiveCfg = Release|Any CPU
		{A638AF5A-A3C3-AB09-CAE8-BC3E53E0B316}.Release|Any CPU.Build.0 = Release|Any CPU
		{45EE8A97-424C-C052-B367-5B8761AE0888}.Debug|Any CPU.ActiveCfg = Debug|Any CPU
		{45EE8A97-424C-C052-B367-5B8761AE0888}.Debug|Any CPU.Build.0 = Debug|Any CPU
		{45EE8A97-424C-C052-B367-5B8761AE0888}.Release|Any CPU.ActiveCfg = Release|Any CPU
		{45EE8A97-424C-C052-B367-5B8761AE0888}.Release|Any CPU.Build.0 = Release|Any CPU
		{95BA8A5A-4C16-7123-F467-0D67E1C4A7C1}.Debug|Any CPU.ActiveCfg = Debug|Any CPU
		{95BA8A5A-4C16-7123-F467-0D67E1C4A7C1}.Debug|Any CPU.Build.0 = Debug|Any CPU
		{95BA8A5A-4C16-7123-F467-0D67E1C4A7C1}.Release|Any CPU.ActiveCfg = Release|Any CPU
		{95BA8A5A-4C16-7123-F467-0D67E1C4A7C1}.Release|Any CPU.Build.0 = Release|Any CPU
		{EAEAD68E-4468-362B-4678-69CC4A4B155F}.Debug|Any CPU.ActiveCfg = Debug|Any CPU
		{EAEAD68E-4468-362B-4678-69CC4A4B155F}.Debug|Any CPU.Build.0 = Debug|Any CPU
		{EAEAD68E-4468-362B-4678-69CC4A4B155F}.Release|Any CPU.ActiveCfg = Release|Any CPU
		{EAEAD68E-4468-362B-4678-69CC4A4B155F}.Release|Any CPU.Build.0 = Release|Any CPU
		{524DC4C3-C078-8A74-3232-4A21CB064AE4}.Debug|Any CPU.ActiveCfg = Debug|Any CPU
		{524DC4C3-C078-8A74-3232-4A21CB064AE4}.Debug|Any CPU.Build.0 = Debug|Any CPU
		{524DC4C3-C078-8A74-3232-4A21CB064AE4}.Release|Any CPU.ActiveCfg = Release|Any CPU
		{524DC4C3-C078-8A74-3232-4A21CB064AE4}.Release|Any CPU.Build.0 = Release|Any CPU
		{DB6C7A5D-2A0E-E723-0CEF-819275119516}.Debug|Any CPU.ActiveCfg = Debug|Any CPU
		{DB6C7A5D-2A0E-E723-0CEF-819275119516}.Debug|Any CPU.Build.0 = Debug|Any CPU
		{DB6C7A5D-2A0E-E723-0CEF-819275119516}.Release|Any CPU.ActiveCfg = Release|Any CPU
		{DB6C7A5D-2A0E-E723-0CEF-819275119516}.Release|Any CPU.Build.0 = Release|Any CPU
		{9E6BA9E2-963B-EF0A-CCC4-F930951E9C56}.Debug|Any CPU.ActiveCfg = Debug|Any CPU
		{9E6BA9E2-963B-EF0A-CCC4-F930951E9C56}.Debug|Any CPU.Build.0 = Debug|Any CPU
		{9E6BA9E2-963B-EF0A-CCC4-F930951E9C56}.Release|Any CPU.ActiveCfg = Release|Any CPU
		{9E6BA9E2-963B-EF0A-CCC4-F930951E9C56}.Release|Any CPU.Build.0 = Release|Any CPU
		{22710A55-2360-BC37-1D0C-5E521CF0A89D}.Debug|Any CPU.ActiveCfg = Debug|Any CPU
		{22710A55-2360-BC37-1D0C-5E521CF0A89D}.Debug|Any CPU.Build.0 = Debug|Any CPU
		{22710A55-2360-BC37-1D0C-5E521CF0A89D}.Release|Any CPU.ActiveCfg = Release|Any CPU
		{22710A55-2360-BC37-1D0C-5E521CF0A89D}.Release|Any CPU.Build.0 = Release|Any CPU
		{906FCE81-9E84-13F4-878D-C7AA4935ED41}.Debug|Any CPU.ActiveCfg = Debug|Any CPU
		{906FCE81-9E84-13F4-878D-C7AA4935ED41}.Debug|Any CPU.Build.0 = Debug|Any CPU
		{906FCE81-9E84-13F4-878D-C7AA4935ED41}.Release|Any CPU.ActiveCfg = Release|Any CPU
		{906FCE81-9E84-13F4-878D-C7AA4935ED41}.Release|Any CPU.Build.0 = Release|Any CPU
		{14B32C7D-DB7B-C813-4416-C7017CFD3A1D}.Debug|Any CPU.ActiveCfg = Debug|Any CPU
		{14B32C7D-DB7B-C813-4416-C7017CFD3A1D}.Debug|Any CPU.Build.0 = Debug|Any CPU
		{14B32C7D-DB7B-C813-4416-C7017CFD3A1D}.Release|Any CPU.ActiveCfg = Release|Any CPU
		{14B32C7D-DB7B-C813-4416-C7017CFD3A1D}.Release|Any CPU.Build.0 = Release|Any CPU
		{9FF43571-E450-FA45-948D-B80AB7751A0F}.Debug|Any CPU.ActiveCfg = Debug|Any CPU
		{9FF43571-E450-FA45-948D-B80AB7751A0F}.Debug|Any CPU.Build.0 = Debug|Any CPU
		{9FF43571-E450-FA45-948D-B80AB7751A0F}.Release|Any CPU.ActiveCfg = Release|Any CPU
		{9FF43571-E450-FA45-948D-B80AB7751A0F}.Release|Any CPU.Build.0 = Release|Any CPU
		{D8DA3E97-D8A6-BE68-A15A-E6973A34228C}.Debug|Any CPU.ActiveCfg = Debug|Any CPU
		{D8DA3E97-D8A6-BE68-A15A-E6973A34228C}.Debug|Any CPU.Build.0 = Debug|Any CPU
		{D8DA3E97-D8A6-BE68-A15A-E6973A34228C}.Release|Any CPU.ActiveCfg = Release|Any CPU
		{D8DA3E97-D8A6-BE68-A15A-E6973A34228C}.Release|Any CPU.Build.0 = Release|Any CPU
		{86699C0F-E0AD-1C3A-E5CF-2F16D4B78E54}.Debug|Any CPU.ActiveCfg = Debug|Any CPU
		{86699C0F-E0AD-1C3A-E5CF-2F16D4B78E54}.Debug|Any CPU.Build.0 = Debug|Any CPU
		{86699C0F-E0AD-1C3A-E5CF-2F16D4B78E54}.Release|Any CPU.ActiveCfg = Release|Any CPU
		{86699C0F-E0AD-1C3A-E5CF-2F16D4B78E54}.Release|Any CPU.Build.0 = Release|Any CPU
		{D93F0824-5CC7-D839-030D-738BE5A8053A}.Debug|Any CPU.ActiveCfg = Debug|Any CPU
		{D93F0824-5CC7-D839-030D-738BE5A8053A}.Debug|Any CPU.Build.0 = Debug|Any CPU
		{D93F0824-5CC7-D839-030D-738BE5A8053A}.Release|Any CPU.ActiveCfg = Release|Any CPU
		{D93F0824-5CC7-D839-030D-738BE5A8053A}.Release|Any CPU.Build.0 = Release|Any CPU
		{E0080D0E-F04B-880C-D662-6AF3C6F21425}.Debug|Any CPU.ActiveCfg = Debug|Any CPU
		{E0080D0E-F04B-880C-D662-6AF3C6F21425}.Debug|Any CPU.Build.0 = Debug|Any CPU
		{E0080D0E-F04B-880C-D662-6AF3C6F21425}.Release|Any CPU.ActiveCfg = Release|Any CPU
		{E0080D0E-F04B-880C-D662-6AF3C6F21425}.Release|Any CPU.Build.0 = Release|Any CPU
		{9A1E7084-B208-8190-2731-B2A1C9708408}.Debug|Any CPU.ActiveCfg = Debug|Any CPU
		{9A1E7084-B208-8190-2731-B2A1C9708408}.Debug|Any CPU.Build.0 = Debug|Any CPU
		{9A1E7084-B208-8190-2731-B2A1C9708408}.Release|Any CPU.ActiveCfg = Release|Any CPU
		{9A1E7084-B208-8190-2731-B2A1C9708408}.Release|Any CPU.Build.0 = Release|Any CPU
		{B07A6A32-7F1E-7B50-6F3F-BE18698437E7}.Debug|Any CPU.ActiveCfg = Debug|Any CPU
		{B07A6A32-7F1E-7B50-6F3F-BE18698437E7}.Debug|Any CPU.Build.0 = Debug|Any CPU
		{B07A6A32-7F1E-7B50-6F3F-BE18698437E7}.Release|Any CPU.ActiveCfg = Release|Any CPU
		{B07A6A32-7F1E-7B50-6F3F-BE18698437E7}.Release|Any CPU.Build.0 = Release|Any CPU
		{3997B13C-4333-AABF-56D5-B75D8724C9DF}.Debug|Any CPU.ActiveCfg = Debug|Any CPU
		{3997B13C-4333-AABF-56D5-B75D8724C9DF}.Debug|Any CPU.Build.0 = Debug|Any CPU
		{3997B13C-4333-AABF-56D5-B75D8724C9DF}.Release|Any CPU.ActiveCfg = Release|Any CPU
		{3997B13C-4333-AABF-56D5-B75D8724C9DF}.Release|Any CPU.Build.0 = Release|Any CPU
		{419548EC-4A00-93D0-0B3E-121914E92D88}.Debug|Any CPU.ActiveCfg = Debug|Any CPU
		{419548EC-4A00-93D0-0B3E-121914E92D88}.Debug|Any CPU.Build.0 = Debug|Any CPU
		{419548EC-4A00-93D0-0B3E-121914E92D88}.Release|Any CPU.ActiveCfg = Release|Any CPU
		{419548EC-4A00-93D0-0B3E-121914E92D88}.Release|Any CPU.Build.0 = Release|Any CPU
		{7122BD4C-8FA2-76E5-7507-80A0CA87A880}.Debug|Any CPU.ActiveCfg = Debug|Any CPU
		{7122BD4C-8FA2-76E5-7507-80A0CA87A880}.Debug|Any CPU.Build.0 = Debug|Any CPU
		{7122BD4C-8FA2-76E5-7507-80A0CA87A880}.Release|Any CPU.ActiveCfg = Release|Any CPU
		{7122BD4C-8FA2-76E5-7507-80A0CA87A880}.Release|Any CPU.Build.0 = Release|Any CPU
		{74B90791-6BAE-728F-460E-FC3E08E2BD6E}.Debug|Any CPU.ActiveCfg = Debug|Any CPU
		{74B90791-6BAE-728F-460E-FC3E08E2BD6E}.Debug|Any CPU.Build.0 = Debug|Any CPU
		{74B90791-6BAE-728F-460E-FC3E08E2BD6E}.Release|Any CPU.ActiveCfg = Release|Any CPU
		{74B90791-6BAE-728F-460E-FC3E08E2BD6E}.Release|Any CPU.Build.0 = Release|Any CPU
		{81918104-1A32-E272-9D56-1FB7D960BF87}.Debug|Any CPU.ActiveCfg = Debug|Any CPU
		{81918104-1A32-E272-9D56-1FB7D960BF87}.Debug|Any CPU.Build.0 = Debug|Any CPU
		{81918104-1A32-E272-9D56-1FB7D960BF87}.Release|Any CPU.ActiveCfg = Release|Any CPU
		{81918104-1A32-E272-9D56-1FB7D960BF87}.Release|Any CPU.Build.0 = Release|Any CPU
	EndGlobalSection
	GlobalSection(SolutionProperties) = preSolution
		HideSolutionNode = FALSE
	EndGlobalSection
EndGlobal
